
Microsoft Visual Studio Solution File, Format Version 12.00
# Visual Studio Version 17
VisualStudioVersion = 17.9.34728.123
MinimumVisualStudioVersion = 10.0.40219.1
Project("{FAE04EC0-301F-11D3-BF4B-00C04F79EFBC}") = "Auth", "Auth\Auth.csproj", "{5936A545-E8E7-40E7-8CD1-B78271623891}"
EndProject
Global
	GlobalSection(SolutionConfigurationPlatforms) = preSolution
		Debug|Any CPU = Debug|Any CPU
		Release|Any CPU = Release|Any CPU
	EndGlobalSection
	GlobalSection(ProjectConfigurationPlatforms) = postSolution
		{5936A545-E8E7-40E7-8CD1-B78271623891}.Debug|Any CPU.ActiveCfg = Debug|Any CPU
		{5936A545-E8E7-40E7-8CD1-B78271623891}.Debug|Any CPU.Build.0 = Debug|Any CPU
		{5936A545-E8E7-40E7-8CD1-B78271623891}.Release|Any CPU.ActiveCfg = Release|Any CPU
		{5936A545-E8E7-40E7-8CD1-B78271623891}.Release|Any CPU.Build.0 = Release|Any CPU
	EndGlobalSection
	GlobalSection(SolutionProperties) = preSolution
		HideSolutionNode = FALSE
	EndGlobalSection
	GlobalSection(ExtensibilityGlobals) = postSolution
		SolutionGuid = {E1489C45-7665-48D7-B20D-FF8A3CE2B840}
	EndGlobalSection
EndGlobal
