
Microsoft Visual Studio Solution File, Format Version 12.00
# Visual Studio Version 17
VisualStudioVersion = 17.9.34728.123
MinimumVisualStudioVersion = 10.0.40219.1
Project("{888888A0-9F3D-457C-B088-3A5042F75D52}") = "Repetisjon", "Repetisjon\Repetisjon.pyproj", "{FD50C597-C7ED-4134-9682-5F58F25A5312}"
EndProject
Global
	GlobalSection(SolutionConfigurationPlatforms) = preSolution
		Debug|Any CPU = Debug|Any CPU
		Release|Any CPU = Release|Any CPU
	EndGlobalSection
	GlobalSection(ProjectConfigurationPlatforms) = postSolution
		{FD50C597-C7ED-4134-9682-5F58F25A5312}.Debug|Any CPU.ActiveCfg = Debug|Any CPU
		{FD50C597-C7ED-4134-9682-5F58F25A5312}.Release|Any CPU.ActiveCfg = Release|Any CPU
	EndGlobalSection
	GlobalSection(SolutionProperties) = preSolution
		HideSolutionNode = FALSE
	EndGlobalSection
	GlobalSection(ExtensibilityGlobals) = postSolution
		SolutionGuid = {C1D654E2-EA59-4EC2-A6ED-F7561D87B985}
	EndGlobalSection
EndGlobal
